
Microsoft Visual Studio Solution File, Format Version 12.00
# Visual Studio Version 17
VisualStudioVersion = 17.9.34728.123
MinimumVisualStudioVersion = 10.0.40219.1
Project("{FAE04EC0-301F-11D3-BF4B-00C04F79EFBC}") = "QuanLyKTX", "QuanLyKTX\QuanLyKTX.csproj", "{7F183B4C-6691-4524-8993-DE272AFE1DC1}"
EndProject
Global
	GlobalSection(SolutionConfigurationPlatforms) = preSolution
		Debug|Any CPU = Debug|Any CPU
		Release|Any CPU = Release|Any CPU
	EndGlobalSection
	GlobalSection(ProjectConfigurationPlatforms) = postSolution
		{7F183B4C-6691-4524-8993-DE272AFE1DC1}.Debug|Any CPU.ActiveCfg = Debug|Any CPU
		{7F183B4C-6691-4524-8993-DE272AFE1DC1}.Debug|Any CPU.Build.0 = Debug|Any CPU
		{7F183B4C-6691-4524-8993-DE272AFE1DC1}.Release|Any CPU.ActiveCfg = Release|Any CPU
		{7F183B4C-6691-4524-8993-DE272AFE1DC1}.Release|Any CPU.Build.0 = Release|Any CPU
	EndGlobalSection
	GlobalSection(SolutionProperties) = preSolution
		HideSolutionNode = FALSE
	EndGlobalSection
	GlobalSection(ExtensibilityGlobals) = postSolution
		SolutionGuid = {73F8C3A0-DD1A-48D6-8351-BEEB4F1DD53B}
	EndGlobalSection
EndGlobal
